Microsoft Visual Studio Solution File, Format Version 12.00
# Visual Studio Version 17
VisualStudioVersion = 17.5.2.0
MinimumVisualStudioVersion = 10.0.40219.1
Project("{FAE04EC0-301F-11D3-BF4B-00C04F79EFBC}") = "testblazor", "testblazor.csproj", "{024F235B-B3E9-442F-0703-ECEC0DB6BF00}"
EndProject
Global
	GlobalSection(SolutionConfigurationPlatforms) = preSolution
		Debug|Any CPU = Debug|Any CPU
		Release|Any CPU = Release|Any CPU
	EndGlobalSection
	GlobalSection(ProjectConfigurationPlatforms) = postSolution
		{024F235B-B3E9-442F-0703-ECEC0DB6BF00}.Debug|Any CPU.ActiveCfg = Debug|Any CPU
		{024F235B-B3E9-442F-0703-ECEC0DB6BF00}.Debug|Any CPU.Build.0 = Debug|Any CPU
		{024F235B-B3E9-442F-0703-ECEC0DB6BF00}.Release|Any CPU.ActiveCfg = Release|Any CPU
		{024F235B-B3E9-442F-0703-ECEC0DB6BF00}.Release|Any CPU.Build.0 = Release|Any CPU
	EndGlobalSection
	GlobalSection(SolutionProperties) = preSolution
		HideSolutionNode = FALSE
	EndGlobalSection
	GlobalSection(ExtensibilityGlobals) = postSolution
		SolutionGuid = {74800783-F6DF-403A-8B0D-A5049363E069}
	EndGlobalSection
EndGlobal
